
Microsoft Visual Studio Solution File, Format Version 12.00
# Visual Studio Version 16
VisualStudioVersion = 16.0.30114.105
MinimumVisualStudioVersion = 10.0.40219.1
Project("{F184B08F-C81C-45F6-A57F-5ABD9991F28F}") = "Fórmula general cuadrática", "Fórmula general cuadrática\Fórmula general cuadrática.vbproj", "{6F72720A-6993-4250-AE77-CCF70216491F}"
EndProject
Global
	GlobalSection(SolutionConfigurationPlatforms) = preSolution
		Debug|Any CPU = Debug|Any CPU
		Release|Any CPU = Release|Any CPU
	EndGlobalSection
	GlobalSection(ProjectConfigurationPlatforms) = postSolution
		{6F72720A-6993-4250-AE77-CCF70216491F}.Debug|Any CPU.ActiveCfg = Debug|Any CPU
		{6F72720A-6993-4250-AE77-CCF70216491F}.Debug|Any CPU.Build.0 = Debug|Any CPU
		{6F72720A-6993-4250-AE77-CCF70216491F}.Release|Any CPU.ActiveCfg = Release|Any CPU
		{6F72720A-6993-4250-AE77-CCF70216491F}.Release|Any CPU.Build.0 = Release|Any CPU
	EndGlobalSection
	GlobalSection(SolutionProperties) = preSolution
		HideSolutionNode = FALSE
	EndGlobalSection
	GlobalSection(ExtensibilityGlobals) = postSolution
		SolutionGuid = {7DC8270E-A425-43B5-A842-D3360B438E50}
	EndGlobalSection
EndGlobal
