
Microsoft Visual Studio Solution File, Format Version 12.00
# Visual Studio Version 16
VisualStudioVersion = 16.0.30114.105
MinimumVisualStudioVersion = 10.0.40219.1
Project("{F184B08F-C81C-45F6-A57F-5ABD9991F28F}") = "Calculadora 2.0", "Calculadora 2.0\Calculadora 2.0.vbproj", "{BB194C3D-118F-4C90-8B56-C6CD40E6F68D}"
EndProject
Global
	GlobalSection(SolutionConfigurationPlatforms) = preSolution
		Debug|Any CPU = Debug|Any CPU
		Release|Any CPU = Release|Any CPU
	EndGlobalSection
	GlobalSection(ProjectConfigurationPlatforms) = postSolution
		{BB194C3D-118F-4C90-8B56-C6CD40E6F68D}.Debug|Any CPU.ActiveCfg = Debug|Any CPU
		{BB194C3D-118F-4C90-8B56-C6CD40E6F68D}.Debug|Any CPU.Build.0 = Debug|Any CPU
		{BB194C3D-118F-4C90-8B56-C6CD40E6F68D}.Release|Any CPU.ActiveCfg = Release|Any CPU
		{BB194C3D-118F-4C90-8B56-C6CD40E6F68D}.Release|Any CPU.Build.0 = Release|Any CPU
	EndGlobalSection
	GlobalSection(SolutionProperties) = preSolution
		HideSolutionNode = FALSE
	EndGlobalSection
	GlobalSection(ExtensibilityGlobals) = postSolution
		SolutionGuid = {5BFE78CF-A81C-44CF-8E8A-9E99CA3008D3}
	EndGlobalSection
EndGlobal
